
Microsoft Visual Studio Solution File, Format Version 12.00
# Visual Studio Version 17
VisualStudioVersion = 17.5.33516.290
MinimumVisualStudioVersion = 10.0.40219.1
Project("{FAE04EC0-301F-11D3-BF4B-00C04F79EFBC}") = "WsApiexamen", "WsApiexamen\WsApiexamen.csproj", "{13330A82-6FEF-4A28-BB60-6FC655419BBD}"
EndProject
Project("{FAE04EC0-301F-11D3-BF4B-00C04F79EFBC}") = "WebExamen", "WebExamen\WebExamen.csproj", "{931A8B1A-A144-45E0-9F93-5AF361559A09}"
EndProject
Global
	GlobalSection(SolutionConfigurationPlatforms) = preSolution
		Debug|Any CPU = Debug|Any CPU
		Release|Any CPU = Release|Any CPU
	EndGlobalSection
	GlobalSection(ProjectConfigurationPlatforms) = postSolution
		{13330A82-6FEF-4A28-BB60-6FC655419BBD}.Debug|Any CPU.ActiveCfg = Debug|Any CPU
		{13330A82-6FEF-4A28-BB60-6FC655419BBD}.Debug|Any CPU.Build.0 = Debug|Any CPU
		{13330A82-6FEF-4A28-BB60-6FC655419BBD}.Release|Any CPU.ActiveCfg = Release|Any CPU
		{13330A82-6FEF-4A28-BB60-6FC655419BBD}.Release|Any CPU.Build.0 = Release|Any CPU
		{931A8B1A-A144-45E0-9F93-5AF361559A09}.Debug|Any CPU.ActiveCfg = Debug|Any CPU
		{931A8B1A-A144-45E0-9F93-5AF361559A09}.Debug|Any CPU.Build.0 = Debug|Any CPU
		{931A8B1A-A144-45E0-9F93-5AF361559A09}.Release|Any CPU.ActiveCfg = Release|Any CPU
		{931A8B1A-A144-45E0-9F93-5AF361559A09}.Release|Any CPU.Build.0 = Release|Any CPU
	EndGlobalSection
	GlobalSection(SolutionProperties) = preSolution
		HideSolutionNode = FALSE
	EndGlobalSection
	GlobalSection(ExtensibilityGlobals) = postSolution
		SolutionGuid = {0811A725-E193-4A75-9EA3-DA18405D9F35}
	EndGlobalSection
EndGlobal
