
Microsoft Visual Studio Solution File, Format Version 12.00
# Visual Studio Version 17
VisualStudioVersion = 17.5.33516.290
MinimumVisualStudioVersion = 10.0.40219.1
Project("{FAE04EC0-301F-11D3-BF4B-00C04F79EFBC}") = "Examen", "Examen\Examen.csproj", "{2CF5BAF6-0ECA-4ECA-AF12-4B1E170D32CE}"
EndProject
Global
	GlobalSection(SolutionConfigurationPlatforms) = preSolution
		Debug|Any CPU = Debug|Any CPU
		Release|Any CPU = Release|Any CPU
	EndGlobalSection
	GlobalSection(ProjectConfigurationPlatforms) = postSolution
		{2CF5BAF6-0ECA-4ECA-AF12-4B1E170D32CE}.Debug|Any CPU.ActiveCfg = Debug|Any CPU
		{2CF5BAF6-0ECA-4ECA-AF12-4B1E170D32CE}.Debug|Any CPU.Build.0 = Debug|Any CPU
		{2CF5BAF6-0ECA-4ECA-AF12-4B1E170D32CE}.Release|Any CPU.ActiveCfg = Release|Any CPU
		{2CF5BAF6-0ECA-4ECA-AF12-4B1E170D32CE}.Release|Any CPU.Build.0 = Release|Any CPU
	EndGlobalSection
	GlobalSection(SolutionProperties) = preSolution
		HideSolutionNode = FALSE
	EndGlobalSection
	GlobalSection(ExtensibilityGlobals) = postSolution
		SolutionGuid = {8701C8E5-5595-4AAB-8BF8-468CDA631D79}
	EndGlobalSection
EndGlobal
